// !$*UTF8*$!
{
	archiveVersion = 1;
	classes = {
	};
	objectVersion = 55;
	objects = {

/* Begin PBXBuildFile section */
		9600508D27AA196F00EA1E2C /* AppDelegate.swift in Sources */ = {isa = PBXBuildFile; fileRef = 9600508C27AA196F00EA1E2C /* AppDelegate.swift */; };
		9600508F27AA196F00EA1E2C /* SceneDelegate.swift in Sources */ = {isa = PBXBuildFile; fileRef = 9600508E27AA196F00EA1E2C /* SceneDelegate.swift */; };
		9600509127AA196F00EA1E2C /* ViewController.swift in Sources */ = {isa = PBXBuildFile; fileRef = 9600509027AA196F00EA1E2C /* ViewController.swift */; };
		9600509427AA196F00EA1E2C /* Main.storyboard in Resources */ = {isa = PBXBuildFile; fileRef = 9600509227AA196F00EA1E2C /* Main.storyboard */; };
		9600509627AA197200EA1E2C /* Assets.xcassets in Resources */ = {isa = PBXBuildFile; fileRef = 9600509527AA197200EA1E2C /* Assets.xcassets */; };
		9600509927AA197200EA1E2C /* LaunchScreen.storyboard in Resources */ = {isa = PBXBuildFile; fileRef = 9600509727AA197200EA1E2C /* LaunchScreen.storyboard */; };
		960050A427AA197200EA1E2C /* Pattela_RitheshTests.swift in Sources */ = {isa = PBXBuildFile; fileRef = 960050A327AA197200EA1E2C /* Pattela_RitheshTests.swift */; };
		960050AE27AA197200EA1E2C /* Pattela_RitheshUITests.swift in Sources */ = {isa = PBXBuildFile; fileRef = 960050AD27AA197200EA1E2C /* Pattela_RitheshUITests.swift */; };
		960050B027AA197200EA1E2C /* Pattela_RitheshUITestsLaunchTests.swift in Sources */ = {isa = PBXBuildFile; fileRef = 960050AF27AA197200EA1E2C /* Pattela_RitheshUITestsLaunchTests.swift */; };
/* End PBXBuildFile section */

/* Begin PBXContainerItemProxy section */
		960050A027AA197200EA1E2C /* PBXContainerItemProxy */ = {
			isa = PBXContainerItemProxy;
			containerPortal = 9600508127AA196F00EA1E2C /* Project object */;
			proxyType = 1;
			remoteGlobalIDString = 9600508827AA196F00EA1E2C;
			remoteInfo = Pattela_Rithesh;
		};
		960050AA27AA197200EA1E2C /* PBXContainerItemProxy */ = {
			isa = PBXContainerItemProxy;
			containerPortal = 9600508127AA196F00EA1E2C /* Project object */;
			proxyType = 1;
			remoteGlobalIDString = 9600508827AA196F00EA1E2C;
			remoteInfo = Pattela_Rithesh;
		};
/* End PBXContainerItemProxy section */

/* Begin PBXFileReference section */
		9600508927AA196F00EA1E2C /* Pattela_Rithesh.app */ = {isa = PBXFileReference; explicitFileType = wrapper.application; includeInIndex = 0; path = Pattela_Rithesh.app; sourceTree = BUILT_PRODUCTS_DIR; };
		9600508C27AA196F00EA1E2C /* AppDelegate.swift */ = {isa = PBXFileReference; lastKnownFileType = sourcecode.swift; path = AppDelegate.swift; sourceTree = "<group>"; };
		9600508E27AA196F00EA1E2C /* SceneDelegate.swift */ = {isa = PBXFileReference; lastKnownFileType = sourcecode.swift; path = SceneDelegate.swift; sourceTree = "<group>"; };
		9600509027AA196F00EA1E2C /* ViewController.swift */ = {isa = PBXFileReference; lastKnownFileType = sourcecode.swift; path = ViewController.swift; sourceTree = "<group>"; };
		9600509327AA196F00EA1E2C /* Base */ = {isa = PBXFileReference; lastKnownFileType = file.storyboard; name = Base; path = Base.lproj/Main.storyboard; sourceTree = "<group>"; };
		9600509527AA197200EA1E2C /* Assets.xcassets */ = {isa = PBXFileReference; lastKnownFileType = folder.assetcatalog; path = Assets.xcassets; sourceTree = "<group>"; };
		9600509827AA197200EA1E2C /* Base */ = {isa = PBXFileReference; lastKnownFileType = file.storyboard; name = Base; path = Base.lproj/LaunchScreen.storyboard; sourceTree = "<group>"; };
		9600509A27AA197200EA1E2C /* Info.plist */ = {isa = PBXFileReference; lastKnownFileType = text.plist.xml; path = Info.plist; sourceTree = "<group>"; };
		9600509F27AA197200EA1E2C /* Pattela_RitheshTests.xctest */ = {isa = PBXFileReference; explicitFileType = wrapper.cfbundle; includeInIndex = 0; path = Pattela_RitheshTests.xctest; sourceTree = BUILT_PRODUCTS_DIR; };
		960050A327AA197200EA1E2C /* Pattela_RitheshTests.swift */ = {isa = PBXFileReference; lastKnownFileType = sourcecode.swift; path = Pattela_RitheshTests.swift; sourceTree = "<group>"; };
		960050A927AA197200EA1E2C /* Pattela_RitheshUITests.xctest */ = {isa = PBXFileReference; explicitFileType = wrapper.cfbundle; includeInIndex = 0; path = Pattela_RitheshUITests.xctest; sourceTree = BUILT_PRODUCTS_DIR; };
		960050AD27AA197200EA1E2C /* Pattela_RitheshUITests.swift */ = {isa = PBXFileReference; lastKnownFileType = sourcecode.swift; path = Pattela_RitheshUITests.swift; sourceTree = "<group>"; };
		960050AF27AA197200EA1E2C /* Pattela_RitheshUITestsLaunchTests.swift */ = {isa = PBXFileReference; lastKnownFileType = sourcecode.swift; path = Pattela_RitheshUITestsLaunchTests.swift; sourceTree = "<group>"; };
/* End PBXFileReference section */

/* Begin PBXFrameworksBuildPhase section */
		9600508627AA196F00EA1E2C /* Frameworks */ = {
			isa = PBXFrameworksBuildPhase;
			buildActionMask = 2147483647;
			files = (
			);
			runOnlyForDeploymentPostprocessing = 0;
		};
		9600509C27AA197200EA1E2C /* Frameworks */ = {
			isa = PBXFrameworksBuildPhase;
			buildActionMask = 2147483647;
			files = (
			);
			runOnlyForDeploymentPostprocessing = 0;
		};
		960050A627AA197200EA1E2C /* Frameworks */ = {
			isa = PBXFrameworksBuildPhase;
			buildActionMask = 2147483647;
			files = (
			);
			runOnlyForDeploymentPostprocessing = 0;
		};
/* End PBXFrameworksBuildPhase section */

/* Begin PBXGroup section */
		9600508027AA196F00EA1E2C = {
			isa = PBXGroup;
			children = (
				9600508B27AA196F00EA1E2C /* Pattela_Rithesh */,
				960050A227AA197200EA1E2C /* Pattela_RitheshTests */,
				960050AC27AA197200EA1E2C /* Pattela_RitheshUITests */,
				9600508A27AA196F00EA1E2C /* Products */,
			);
			sourceTree = "<group>";
		};
		9600508A27AA196F00EA1E2C /* Products */ = {
			isa = PBXGroup;
			children = (
				9600508927AA196F00EA1E2C /* Pattela_Rithesh.app */,
				9600509F27AA197200EA1E2C /* Pattela_RitheshTests.xctest */,
				960050A927AA197200EA1E2C /* Pattela_RitheshUITests.xctest */,
			);
			name = Products;
			sourceTree = "<group>";
		};
		9600508B27AA196F00EA1E2C /* Pattela_Rithesh */ = {
			isa = PBXGroup;
			children = (
				9600508C27AA196F00EA1E2C /* AppDelegate.swift */,
				9600508E27AA196F00EA1E2C /* SceneDelegate.swift */,
				9600509027AA196F00EA1E2C /* ViewController.swift */,
				9600509227AA196F00EA1E2C /* Main.storyboard */,
				9600509527AA197200EA1E2C /* Assets.xcassets */,
				9600509727AA197200EA1E2C /* LaunchScreen.storyboard */,
				9600509A27AA197200EA1E2C /* Info.plist */,
			);
			path = Pattela_Rithesh;
			sourceTree = "<group>";
		};
		960050A227AA197200EA1E2C /* Pattela_RitheshTests */ = {
			isa = PBXGroup;
			children = (
				960050A327AA197200EA1E2C /* Pattela_RitheshTests.swift */,
			);
			path = Pattela_RitheshTests;
			sourceTree = "<group>";
		};
		960050AC27AA197200EA1E2C /* Pattela_RitheshUITests */ = {
			isa = PBXGroup;
			children = (
				960050AD27AA197200EA1E2C /* Pattela_RitheshUITests.swift */,
				960050AF27AA197200EA1E2C /* Pattela_RitheshUITestsLaunchTests.swift */,
			);
			path = Pattela_RitheshUITests;
			sourceTree = "<group>";
		};
/* End PBXGroup section */

/* Begin PBXNativeTarget section */
		9600508827AA196F00EA1E2C /* Pattela_Rithesh */ = {
			isa = PBXNativeTarget;
			buildConfigurationList = 960050B327AA197200EA1E2C /* Build configuration list for PBXNativeTarget "Pattela_Rithesh" */;
			buildPhases = (
				9600508527AA196F00EA1E2C /* Sources */,
				9600508627AA196F00EA1E2C /* Frameworks */,
				9600508727AA196F00EA1E2C /* Resources */,
			);
			buildRules = (
			);
			dependencies = (
			);
			name = Pattela_Rithesh;
			productName = Pattela_Rithesh;
			productReference = 9600508927AA196F00EA1E2C /* Pattela_Rithesh.app */;
			productType = "com.apple.product-type.application";
		};
		9600509E27AA197200EA1E2C /* Pattela_RitheshTests */ = {
			isa = PBXNativeTarget;
			buildConfigurationList = 960050B627AA197200EA1E2C /* Build configuration list for PBXNativeTarget "Pattela_RitheshTests" */;
			buildPhases = (
				9600509B27AA197200EA1E2C /* Sources */,
				9600509C27AA197200EA1E2C /* Frameworks */,
				9600509D27AA197200EA1E2C /* Resources */,
			);
			buildRules = (
			);
			dependencies = (
				960050A127AA197200EA1E2C /* PBXTargetDependency */,
			);
			name = Pattela_RitheshTests;
			productName = Pattela_RitheshTests;
			productReference = 9600509F27AA197200EA1E2C /* Pattela_RitheshTests.xctest */;
			productType = "com.apple.product-type.bundle.unit-test";
		};
		960050A827AA197200EA1E2C /* Pattela_RitheshUITests */ = {
			isa = PBXNativeTarget;
			buildConfigurationList = 960050B927AA197200EA1E2C /* Build configuration list for PBXNativeTarget "Pattela_RitheshUITests" */;
			buildPhases = (
				960050A527AA197200EA1E2C /* Sources */,
				960050A627AA197200EA1E2C /* Frameworks */,
				960050A727AA197200EA1E2C /* Resources */,
			);
			buildRules = (
			);
			dependencies = (
				960050AB27AA197200EA1E2C /* PBXTargetDependency */,
			);
			name = Pattela_RitheshUITests;
			productName = Pattela_RitheshUITests;
			productReference = 960050A927AA197200EA1E2C /* Pattela_RitheshUITests.xctest */;
			productType = "com.apple.product-type.bundle.ui-testing";
		};
/* End PBXNativeTarget section */

/* Begin PBXProject section */
		9600508127AA196F00EA1E2C /* Project object */ = {
			isa = PBXProject;
			attributes = {
				BuildIndependentTargetsInParallel = 1;
				LastSwiftUpdateCheck = 1320;
				LastUpgradeCheck = 1320;
				TargetAttributes = {
					9600508827AA196F00EA1E2C = {
						CreatedOnToolsVersion = 13.2.1;
					};
					9600509E27AA197200EA1E2C = {
						CreatedOnToolsVersion = 13.2.1;
						TestTargetID = 9600508827AA196F00EA1E2C;
					};
					960050A827AA197200EA1E2C = {
						CreatedOnToolsVersion = 13.2.1;
						TestTargetID = 9600508827AA196F00EA1E2C;
					};
				};
			};
			buildConfigurationList = 9600508427AA196F00EA1E2C /* Build configuration list for PBXProject "Pattela_Rithesh" */;
			compatibilityVersion = "Xcode 13.0";
			developmentRegion = en;
			hasScannedForEncodings = 0;
			knownRegions = (
				en,
				Base,
			);
			mainGroup = 9600508027AA196F00EA1E2C;
			productRefGroup = 9600508A27AA196F00EA1E2C /* Products */;
			projectDirPath = "";
			projectRoot = "";
			targets = (
				9600508827AA196F00EA1E2C /* Pattela_Rithesh */,
				9600509E27AA197200EA1E2C /* Pattela_RitheshTests */,
				960050A827AA197200EA1E2C /* Pattela_RitheshUITests */,
			);
		};
/* End PBXProject section */

/* Begin PBXResourcesBuildPhase section */
		9600508727AA196F00EA1E2C /* Resources */ = {
			isa = PBXResourcesBuildPhase;
			buildActionMask = 2147483647;
			files = (
				9600509927AA197200EA1E2C /* LaunchScreen.storyboard in Resources */,
				9600509627AA197200EA1E2C /* Assets.xcassets in Resources */,
				9600509427AA196F00EA1E2C /* Main.storyboard in Resources */,
			);
			runOnlyForDeploymentPostprocessing = 0;
		};
		9600509D27AA197200EA1E2C /* Resources */ = {
			isa = PBXResourcesBuildPhase;
			buildActionMask = 2147483647;
			files = (
			);
			runOnlyForDeploymentPostprocessing = 0;
		};
		960050A727AA197200EA1E2C /* Resources */ = {
			isa = PBXResourcesBuildPhase;
			buildActionMask = 2147483647;
			files = (
			);
			runOnlyForDeploymentPostprocessing = 0;
		};
/* End PBXResourcesBuildPhase section */

/* Begin PBXSourcesBuildPhase section */
		9600508527AA196F00EA1E2C /* Sources */ = {
			isa = PBXSourcesBuildPhase;
			buildActionMask = 2147483647;
			files = (
				9600509127AA196F00EA1E2C /* ViewController.swift in Sources */,
				9600508D27AA196F00EA1E2C /* AppDelegate.swift in Sources */,
				9600508F27AA196F00EA1E2C /* SceneDelegate.swift in Sources */,
			);
			runOnlyForDeploymentPostprocessing = 0;
		};
		9600509B27AA197200EA1E2C /* Sources */ = {
			isa = PBXSourcesBuildPhase;
			buildActionMask = 2147483647;
			files = (
				960050A427AA197200EA1E2C /* Pattela_RitheshTests.swift in Sources */,
			);
			runOnlyForDeploymentPostprocessing = 0;
		};
		960050A527AA197200EA1E2C /* Sources */ = {
			isa = PBXSourcesBuildPhase;
			buildActionMask = 2147483647;
			files = (
				960050B027AA197200EA1E2C /* Pattela_RitheshUITestsLaunchTests.swift in Sources */,
				960050AE27AA197200EA1E2C /* Pattela_RitheshUITests.swift in Sources */,
			);
			runOnlyForDeploymentPostprocessing = 0;
		};
/* End PBXSourcesBuildPhase section */

/* Begin PBXTargetDependency section */
		960050A127AA197200EA1E2C /* PBXTargetDependency */ = {
			isa = PBXTargetDependency;
			target = 9600508827AA196F00EA1E2C /* Pattela_Rithesh */;
			targetProxy = 960050A027AA197200EA1E2C /* PBXContainerItemProxy */;
		};
		960050AB27AA197200EA1E2C /* PBXTargetDependency */ = {
			isa = PBXTargetDependency;
			target = 9600508827AA196F00EA1E2C /* Pattela_Rithesh */;
			targetProxy = 960050AA27AA197200EA1E2C /* PBXContainerItemProxy */;
		};
/* End PBXTargetDependency section */

/* Begin PBXVariantGroup section */
		9600509227AA196F00EA1E2C /* Main.storyboard */ = {
			isa = PBXVariantGroup;
			children = (
				9600509327AA196F00EA1E2C /* Base */,
			);
			name = Main.storyboard;
			sourceTree = "<group>";
		};
		9600509727AA197200EA1E2C /* LaunchScreen.storyboard */ = {
			isa = PBXVariantGroup;
			children = (
				9600509827AA197200EA1E2C /* Base */,
			);
			name = LaunchScreen.storyboard;
			sourceTree = "<group>";
		};
/* End PBXVariantGroup section */

/* Begin XCBuildConfiguration section */
		960050B127AA197200EA1E2C /* Debug */ = {
			isa = XCBuildConfiguration;
			buildSettings = {
				ALWAYS_SEARCH_USER_PATHS = NO;
				CLANG_ANALYZER_NONNULL = YES;
				CLANG_ANALYZER_NUMBER_OBJECT_CONVERSION = YES_AGGRESSIVE;
				CLANG_CXX_LANGUAGE_STANDARD = "gnu++17";
				CLANG_CXX_LIBRARY = "libc++";
				CLANG_ENABLE_MODULES = YES;
				CLANG_ENABLE_OBJC_ARC = YES;
				CLANG_ENABLE_OBJC_WEAK = YES;
				CLANG_WARN_BLOCK_CAPTURE_AUTORELEASING = YES;
				CLANG_WARN_BOOL_CONVERSION = YES;
				CLANG_WARN_COMMA = YES;
				CLANG_WARN_CONSTANT_CONVERSION = YES;
				CLANG_WARN_DEPRECATED_OBJC_IMPLEMENTATIONS = YES;
				CLANG_WARN_DIRECT_OBJC_ISA_USAGE = YES_ERROR;
				CLANG_WARN_DOCUMENTATION_COMMENTS = YES;
				CLANG_WARN_EMPTY_BODY = YES;
				CLANG_WARN_ENUM_CONVERSION = YES;
				CLANG_WARN_INFINITE_RECURSION = YES;
				CLANG_WARN_INT_CONVERSION = YES;
				CLANG_WARN_NON_LITERAL_NULL_CONVERSION = YES;
				CLANG_WARN_OBJC_IMPLICIT_RETAIN_SELF = YES;
				CLANG_WARN_OBJC_LITERAL_CONVERSION = YES;
				CLANG_WARN_OBJC_ROOT_CLASS = YES_ERROR;
				CLANG_WARN_QUOTED_INCLUDE_IN_FRAMEWORK_HEADER = YES;
				CLANG_WARN_RANGE_LOOP_ANALYSIS = YES;
				CLANG_WARN_STRICT_PROTOTYPES = YES;
				CLANG_WARN_SUSPICIOUS_MOVE = YES;
				CLANG_WARN_UNGUARDED_AVAILABILITY = YES_AGGRESSIVE;
				CLANG_WARN_UNREACHABLE_CODE = YES;
				CLANG_WARN__DUPLICATE_METHOD_MATCH = YES;
				COPY_PHASE_STRIP = NO;
				DEBUG_INFORMATION_FORMAT = dwarf;
				ENABLE_STRICT_OBJC_MSGSEND = YES;
				ENABLE_TESTABILITY = YES;
				GCC_C_LANGUAGE_STANDARD = gnu11;
				GCC_DYNAMIC_NO_PIC = NO;
				GCC_NO_COMMON_BLOCKS = YES;
				GCC_OPTIMIZATION_LEVEL = 0;
				GCC_PREPROCESSOR_DEFINITIONS = (
					"DEBUG=1",
					"$(inherited)",
				);
				GCC_WARN_64_TO_32_BIT_CONVERSION = YES;
				GCC_WARN_ABOUT_RETURN_TYPE = YES_ERROR;
				GCC_WARN_UNDECLARED_SELECTOR = YES;
				GCC_WARN_UNINITIALIZED_AUTOS = YES_AGGRESSIVE;
				GCC_WARN_UNUSED_FUNCTION = YES;
				GCC_WARN_UNUSED_VARIABLE = YES;
				IPHONEOS_DEPLOYMENT_TARGET = 15.2;
				MTL_ENABLE_DEBUG_INFO = INCLUDE_SOURCE;
				MTL_FAST_MATH = YES;
				ONLY_ACTIVE_ARCH = YES;
				SDKROOT = iphoneos;
				SWIFT_ACTIVE_COMPILATION_CONDITIONS = DEBUG;
				SWIFT_OPTIMIZATION_LEVEL = "-Onone";
			};
			name = Debug;
		};
		960050B227AA197200EA1E2C /* Release */ = {
			isa = XCBuildConfiguration;
			buildSettings = {
				ALWAYS_SEARCH_USER_PATHS = NO;
				CLANG_ANALYZER_NONNULL = YES;
				CLANG_ANALYZER_NUMBER_OBJECT_CONVERSION = YES_AGGRESSIVE;
				CLANG_CXX_LANGUAGE_STANDARD = "gnu++17";
				CLANG_CXX_LIBRARY = "libc++";
				CLANG_ENABLE_MODULES = YES;
				CLANG_ENABLE_OBJC_ARC = YES;
				CLANG_ENABLE_OBJC_WEAK = YES;
				CLANG_WARN_BLOCK_CAPTURE_AUTORELEASING = YES;
				CLANG_WARN_BOOL_CONVERSION = YES;
				CLANG_WARN_COMMA = YES;
				CLANG_WARN_CONSTANT_CONVERSION = YES;
				CLANG_WARN_DEPRECATED_OBJC_IMPLEMENTATIONS = YES;
				CLANG_WARN_DIRECT_OBJC_ISA_USAGE = YES_ERROR;
				CLANG_WARN_DOCUMENTATION_COMMENTS = YES;
				CLANG_WARN_EMPTY_BODY = YES;
				CLANG_WARN_ENUM_CONVERSION = YES;
				CLANG_WARN_INFINITE_RECURSION = YES;
				CLANG_WARN_INT_CONVERSION = YES;
				CLANG_WARN_NON_LITERAL_NULL_CONVERSION = YES;
				CLANG_WARN_OBJC_IMPLICIT_RETAIN_SELF = YES;
				CLANG_WARN_OBJC_LITERAL_CONVERSION = YES;
				CLANG_WARN_OBJC_ROOT_CLASS = YES_ERROR;
				CLANG_WARN_QUOTED_INCLUDE_IN_FRAMEWORK_HEADER = YES;
				CLANG_WARN_RANGE_LOOP_ANALYSIS = YES;
				CLANG_WARN_STRICT_PROTOTYPES = YES;
				CLANG_WARN_SUSPICIOUS_MOVE = YES;
				CLANG_WARN_UNGUARDED_AVAILABILITY = YES_AGGRESSIVE;
				CLANG_WARN_UNREACHABLE_CODE = YES;
				CLANG_WARN__DUPLICATE_METHOD_MATCH = YES;
				COPY_PHASE_STRIP = NO;
				DEBUG_INFORMATION_FORMAT = "dwarf-with-dsym";
				ENABLE_NS_ASSERTIONS = NO;
				ENABLE_STRICT_OBJC_MSGSEND = YES;
				GCC_C_LANGUAGE_STANDARD = gnu11;
				GCC_NO_COMMON_BLOCKS = YES;
				GCC_WARN_64_TO_32_BIT_CONVERSION = YES;
				GCC_WARN_ABOUT_RETURN_TYPE = YES_ERROR;
				GCC_WARN_UNDECLARED_SELECTOR = YES;
				GCC_WARN_UNINITIALIZED_AUTOS = YES_AGGRESSIVE;
				GCC_WARN_UNUSED_FUNCTION = YES;
				GCC_WARN_UNUSED_VARIABLE = YES;
				IPHONEOS_DEPLOYMENT_TARGET = 15.2;
				MTL_ENABLE_DEBUG_INFO = NO;
				MTL_FAST_MATH = YES;
				SDKROOT = iphoneos;
				SWIFT_COMPILATION_MODE = wholemodule;
				SWIFT_OPTIMIZATION_LEVEL = "-O";
				VALIDATE_PRODUCT = YES;
			};
			name = Release;
		};
		960050B427AA197200EA1E2C /* Debug */ = {
			isa = XCBuildConfiguration;
			buildSettings = {
				ASSETCATALOG_COMPILER_APPICON_NAME = AppIcon;
				ASSETCATALOG_COMPILER_GLOBAL_ACCENT_COLOR_NAME = AccentColor;
				CODE_SIGN_STYLE = Automatic;
				CURRENT_PROJECT_VERSION = 1;
				GENERATE_INFOPLIST_FILE = YES;
				INFOPLIST_FILE = Pattela_Rithesh/Info.plist;
				INFOPLIST_KEY_UIApplicationSupportsIndirectInputEvents = YES;
				INFOPLIST_KEY_UILaunchStoryboardName = LaunchScreen;
				INFOPLIST_KEY_UIMainStoryboardFile = Main;
				INFOPLIST_KEY_UISupportedInterfaceOrientations_iPad = "UIInterfaceOrientationPortrait UIInterfaceOrientationPortraitUpsideDown UIInterfaceOrientationLandscapeLeft UIInterfaceOrientationLandscapeRight";
				INFOPLIST_KEY_UISupportedInterfaceOrientations_iPhone = "UIInterfaceOrientationPortrait UIInterfaceOrientationLandscapeLeft UIInterfaceOrientationLandscapeRight";
				LD_RUNPATH_SEARCH_PATHS = (
					"$(inherited)",
					"@executable_path/Frameworks",
				);
				MARKETING_VERSION = 1.0;
				PRODUCT_BUNDLE_IDENTIFIER = "nwmsu.Pattela-Rithesh";
				PRODUCT_NAME = "$(TARGET_NAME)";
				SWIFT_EMIT_LOC_STRINGS = YES;
				SWIFT_VERSION = 5.0;
				TARGETED_DEVICE_FAMILY = "1,2";
			};
			name = Debug;
		};
		960050B527AA197200EA1E2C /* Release */ = {
			isa = XCBuildConfiguration;
			buildSettings = {
				ASSETCATALOG_COMPILER_APPICON_NAME = AppIcon;
				ASSETCATALOG_COMPILER_GLOBAL_ACCENT_COLOR_NAME = AccentColor;
				CODE_SIGN_STYLE = Automatic;
				CURRENT_PROJECT_VERSION = 1;
				GENERATE_INFOPLIST_FILE = YES;
				INFOPLIST_FILE = Pattela_Rithesh/Info.plist;
				INFOPLIST_KEY_UIApplicationSupportsIndirectInputEvents = YES;
				INFOPLIST_KEY_UILaunchStoryboardName = LaunchScreen;
				INFOPLIST_KEY_UIMainStoryboardFile = Main;
				INFOPLIST_KEY_UISupportedInterfaceOrientations_iPad = "UIInterfaceOrientationPortrait UIInterfaceOrientationPortraitUpsideDown UIInterfaceOrientationLandscapeLeft UIInterfaceOrientationLandscapeRight";
				INFOPLIST_KEY_UISupportedInterfaceOrientations_iPhone = "UIInterfaceOrientationPortrait UIInterfaceOrientationLandscapeLeft UIInterfaceOrientationLandscapeRight";
				LD_RUNPATH_SEARCH_PATHS = (
					"$(inherited)",
					"@executable_path/Frameworks",
				);
				MARKETING_VERSION = 1.0;
				PRODUCT_BUNDLE_IDENTIFIER = "nwmsu.Pattela-Rithesh";
				PRODUCT_NAME = "$(TARGET_NAME)";
				SWIFT_EMIT_LOC_STRINGS = YES;
				SWIFT_VERSION = 5.0;
				TARGETED_DEVICE_FAMILY = "1,2";
			};
			name = Release;
		};
		960050B727AA197200EA1E2C /* Debug */ = {
			isa = XCBuildConfiguration;
			buildSettings = {
				ALWAYS_EMBED_SWIFT_STANDARD_LIBRARIES = YES;
				BUNDLE_LOADER = "$(TEST_HOST)";
				CODE_SIGN_STYLE = Automatic;
				CURRENT_PROJECT_VERSION = 1;
				GENERATE_INFOPLIST_FILE = YES;
				IPHONEOS_DEPLOYMENT_TARGET = 15.2;
				MARKETING_VERSION = 1.0;
				PRODUCT_BUNDLE_IDENTIFIER = "nwmsu.Pattela-RitheshTests";
				PRODUCT_NAME = "$(TARGET_NAME)";
				SWIFT_EMIT_LOC_STRINGS = NO;
				SWIFT_VERSION = 5.0;
				TARGETED_DEVICE_FAMILY = "1,2";
				TEST_HOST = "$(BUILT_PRODUCTS_DIR)/Pattela_Rithesh.app/Pattela_Rithesh";
			};
			name = Debug;
		};
		960050B827AA197200EA1E2C /* Release */ = {
			isa = XCBuildConfiguration;
			buildSettings = {
				ALWAYS_EMBED_SWIFT_STANDARD_LIBRARIES = YES;
				BUNDLE_LOADER = "$(TEST_HOST)";
				CODE_SIGN_STYLE = Automatic;
				CURRENT_PROJECT_VERSION = 1;
				GENERATE_INFOPLIST_FILE = YES;
				IPHONEOS_DEPLOYMENT_TARGET = 15.2;
				MARKETING_VERSION = 1.0;
				PRODUCT_BUNDLE_IDENTIFIER = "nwmsu.Pattela-RitheshTests";
				PRODUCT_NAME = "$(TARGET_NAME)";
				SWIFT_EMIT_LOC_STRINGS = NO;
				SWIFT_VERSION = 5.0;
				TARGETED_DEVICE_FAMILY = "1,2";
				TEST_HOST = "$(BUILT_PRODUCTS_DIR)/Pattela_Rithesh.app/Pattela_Rithesh";
			};
			name = Release;
		};
		960050BA27AA197200EA1E2C /* Debug */ = {
			isa = XCBuildConfiguration;
			buildSettings = {
				ALWAYS_EMBED_SWIFT_STANDARD_LIBRARIES = YES;
				CODE_SIGN_STYLE = Automatic;
				CURRENT_PROJECT_VERSION = 1;
				GENERATE_INFOPLIST_FILE = YES;
				MARKETING_VERSION = 1.0;
				PRODUCT_BUNDLE_IDENTIFIER = "nwmsu.Pattela-RitheshUITests";
				PRODUCT_NAME = "$(TARGET_NAME)";
				SWIFT_EMIT_LOC_STRINGS = NO;
				SWIFT_VERSION = 5.0;
				TARGETED_DEVICE_FAMILY = "1,2";
				TEST_TARGET_NAME = Pattela_Rithesh;
			};
			name = Debug;
		};
		960050BB27AA197200EA1E2C /* Release */ = {
			isa = XCBuildConfiguration;
			buildSettings = {
				ALWAYS_EMBED_SWIFT_STANDARD_LIBRARIES = YES;
				CODE_SIGN_STYLE = Automatic;
				CURRENT_PROJECT_VERSION = 1;
				GENERATE_INFOPLIST_FILE = YES;
				MARKETING_VERSION = 1.0;
				PRODUCT_BUNDLE_IDENTIFIER = "nwmsu.Pattela-RitheshUITests";
				PRODUCT_NAME = "$(TARGET_NAME)";
				SWIFT_EMIT_LOC_STRINGS = NO;
				SWIFT_VERSION = 5.0;
				TARGETED_DEVICE_FAMILY = "1,2";
				TEST_TARGET_NAME = Pattela_Rithesh;
			};
			name = Release;
		};
/* End XCBuildConfiguration section */

/* Begin XCConfigurationList section */
		9600508427AA196F00EA1E2C /* Build configuration list for PBXProject "Pattela_Rithesh" */ = {
			isa = XCConfigurationList;
			buildConfigurations = (
				960050B127AA197200EA1E2C /* Debug */,
				960050B227AA197200EA1E2C /* Release */,
			);
			defaultConfigurationIsVisible = 0;
			defaultConfigurationName = Release;
		};
		960050B327AA197200EA1E2C /* Build configuration list for PBXNativeTarget "Pattela_Rithesh" */ = {
			isa = XCConfigurationList;
			buildConfigurations = (
				960050B427AA197200EA1E2C /* Debug */,
				960050B527AA197200EA1E2C /* Release */,
			);
			defaultConfigurationIsVisible = 0;
			defaultConfigurationName = Release;
		};
		960050B627AA197200EA1E2C /* Build configuration list for PBXNativeTarget "Pattela_RitheshTests" */ = {
			isa = XCConfigurationList;
			buildConfigurations = (
				960050B727AA197200EA1E2C /* Debug */,
				960050B827AA197200EA1E2C /* Release */,
			);
			defaultConfigurationIsVisible = 0;
			defaultConfigurationName = Release;
		};
		960050B927AA197200EA1E2C /* Build configuration list for PBXNativeTarget "Pattela_RitheshUITests" */ = {
			isa = XCConfigurationList;
			buildConfigurations = (
				960050BA27AA197200EA1E2C /* Debug */,
				960050BB27AA197200EA1E2C /* Release */,
			);
			defaultConfigurationIsVisible = 0;
			defaultConfigurationName = Release;
		};
/* End XCConfigurationList section */
	};
	rootObject = 9600508127AA196F00EA1E2C /* Project object */;
}
